# @generated by Move, please check-in and do not edit manually.

[move]
version = 3
manifest_digest = "7175EA9F03D3716D79C932CC1A5DA37385EBA586D5E5E42599D0439FE44523B7"
deps_digest = "F8BBB0CCB2491CA29A3DF03D6F92277A4F3574266507ACD77214D37ECA3F3082"
dependencies = [
  { id = "Sui", name = "Sui" },
]

[[move.package]]
id = "MoveStdlib"
source = { git = "https://github.com/MystenLabs/sui.git", rev = "framework/testnet", subdir = "crates/sui-framework/packages/move-stdlib" }

[[move.package]]
id = "Sui"
source = { git = "https://github.com/MystenLabs/sui.git", rev = "framework/testnet", subdir = "crates/sui-framework/packages/sui-framework" }

dependencies = [
  { id = "MoveStdlib", name = "MoveStdlib" },
]

[move.toolchain-version]
compiler-version = "1.40.3"
edition = "2024"
flavor = "sui"

[env]

[env.localnet]
chain-id = "2171325c"
original-published-id = "0x6e8d348fde01efc20eac5cfc15ce1b4bd881711c1046b3107767629f7df79848"
latest-published-id = "0x6e8d348fde01efc20eac5cfc15ce1b4bd881711c1046b3107767629f7df79848"
published-version = "1"
